
Microsoft Visual Studio Solution File, Format Version 12.00
# Visual Studio Version 17
VisualStudioVersion = 17.7.34031.279
MinimumVisualStudioVersion = 10.0.40219.1
Project("{FAE04EC0-301F-11D3-BF4B-00C04F79EFBC}") = "test", "test\test.csproj", "{5741F5B3-F589-422D-BD04-817AA134495D}"
EndProject
Global
	GlobalSection(SolutionConfigurationPlatforms) = preSolution
		Debug|Any CPU = Debug|Any CPU
		Release|Any CPU = Release|Any CPU
	EndGlobalSection
	GlobalSection(ProjectConfigurationPlatforms) = postSolution
		{5741F5B3-F589-422D-BD04-817AA134495D}.Debug|Any CPU.ActiveCfg = Debug|Any CPU
		{5741F5B3-F589-422D-BD04-817AA134495D}.Debug|Any CPU.Build.0 = Debug|Any CPU
		{5741F5B3-F589-422D-BD04-817AA134495D}.Release|Any CPU.ActiveCfg = Release|Any CPU
		{5741F5B3-F589-422D-BD04-817AA134495D}.Release|Any CPU.Build.0 = Release|Any CPU
	EndGlobalSection
	GlobalSection(SolutionProperties) = preSolution
		HideSolutionNode = FALSE
	EndGlobalSection
	GlobalSection(ExtensibilityGlobals) = postSolution
		SolutionGuid = {D31EF080-40B1-4C21-A24E-F9B2F78A76CC}
	EndGlobalSection
EndGlobal
