
Microsoft Visual Studio Solution File, Format Version 12.00
# Visual Studio Version 17
VisualStudioVersion = 17.7.34031.279
MinimumVisualStudioVersion = 10.0.40219.1
Project("{9A19103F-16F7-4668-BE54-9A1E7A4F7556}") = "ForLoopsRevised", "ForLoopsRevised\ForLoopsRevised.csproj", "{EDED2E74-3A56-446F-BD3A-CA41D1E28B79}"
EndProject
Project("{9A19103F-16F7-4668-BE54-9A1E7A4F7556}") = "FirstNNubmersSum", "FirstNNubmersSum\FirstNNubmersSum.csproj", "{3AF5D95A-2882-4B16-BDA4-F37CB3F4B3CF}"
EndProject
Project("{9A19103F-16F7-4668-BE54-9A1E7A4F7556}") = "SumNumbers", "SumNumbers\SumNumbers.csproj", "{2524332E-3D6C-478C-8740-5A7AF5A3E03B}"
EndProject
Project("{9A19103F-16F7-4668-BE54-9A1E7A4F7556}") = "NumbersEndingInSeven", "NumbersEndingInSeven\NumbersEndingInSeven.csproj", "{66254881-64CF-4E5D-B01F-B9932F7F94A4}"
EndProject
Project("{9A19103F-16F7-4668-BE54-9A1E7A4F7556}") = "From1toNOver3", "From1toNOver3\From1toNOver3.csproj", "{E328E5DF-61F5-4633-979B-62C1A38B1234}"
EndProject
Project("{9A19103F-16F7-4668-BE54-9A1E7A4F7556}") = "ExamCountDown", "ExamCountDown\ExamCountDown.csproj", "{E3D99213-7A75-4B46-B840-F65E36409E9C}"
EndProject
Project("{9A19103F-16F7-4668-BE54-9A1E7A4F7556}") = "LatinLetters", "LatinLetters\LatinLetters.csproj", "{C97EAF78-F536-4758-8DBB-E32F4F4CFFDF}"
EndProject
Project("{FAE04EC0-301F-11D3-BF4B-00C04F79EFBC}") = "DecreasingNumbers", "DecreasingNumbers\DecreasingNumbers.csproj", "{DAC6B219-F048-4DF8-BBC6-ECCD44C498E1}"
EndProject
Project("{FAE04EC0-301F-11D3-BF4B-00C04F79EFBC}") = "OddNumber", "OddNumber\OddNumber.csproj", "{75FE4424-C3AB-48FB-A607-07768FBC2856}"
EndProject
Project("{FAE04EC0-301F-11D3-BF4B-00C04F79EFBC}") = "Seq2k+1", "Seq2k+1\Seq2k+1.csproj", "{8B46B512-49DD-4D2D-B760-950D81FB3F80}"
EndProject
Project("{FAE04EC0-301F-11D3-BF4B-00C04F79EFBC}") = "SumDIgits", "SumDIgits\SumDIgits.csproj", "{E39FFD20-C799-41A9-B162-246BC0983F8A}"
EndProject
Project("{FAE04EC0-301F-11D3-BF4B-00C04F79EFBC}") = "NumberInRange", "NumberInRange\NumberInRange.csproj", "{00462688-E9A7-40E1-BBD0-27133C653564}"
EndProject
Project("{FAE04EC0-301F-11D3-BF4B-00C04F79EFBC}") = "NumberProcessor", "NumberProcessor\NumberProcessor.csproj", "{697109D1-44A0-448C-B9C1-E09D30028D47}"
EndProject
Project("{FAE04EC0-301F-11D3-BF4B-00C04F79EFBC}") = "PowerOfNumber", "PowerOfNumber\PowerOfNumber.csproj", "{4B62F7DC-DB17-4B7D-B072-2594B3AF94AE}"
EndProject
Project("{FAE04EC0-301F-11D3-BF4B-00C04F79EFBC}") = "MultiplicationTab", "MultiplicationTab\MultiplicationTab.csproj", "{423FBFA2-6F0B-4FDA-B689-5962E1630F66}"
EndProject
Project("{FAE04EC0-301F-11D3-BF4B-00C04F79EFBC}") = "TheBiggestNumber", "TheBiggestNumber\TheBiggestNumber.csproj", "{B6226F10-DBCA-41D2-A8A8-EB34F9075A8B}"
EndProject
Project("{FAE04EC0-301F-11D3-BF4B-00C04F79EFBC}") = "VowelSum", "VowelSum\VowelSum.csproj", "{7AFF08A5-79C2-4D31-9FC7-9A09DE3D6001}"
EndProject
Project("{FAE04EC0-301F-11D3-BF4B-00C04F79EFBC}") = "DivisionTo2-3-4", "DivisionTo2-3-4\DivisionTo2-3-4.csproj", "{D9E2104B-362C-4F0E-BB7B-D9B557AA22A0}"
EndProject
Project("{FAE04EC0-301F-11D3-BF4B-00C04F79EFBC}") = "SpecialNumber", "SpecialNumber\SpecialNumber.csproj", "{EE67B205-54BD-4D8A-9902-625DF682CD09}"
EndProject
Project("{FAE04EC0-301F-11D3-BF4B-00C04F79EFBC}") = "SpecialBonus", "SpecialBonus\SpecialBonus.csproj", "{56ECD1A8-CDA0-41CD-9A82-22770FA57DFC}"
EndProject
Project("{FAE04EC0-301F-11D3-BF4B-00C04F79EFBC}") = "AccountBallance", "AccountBallance\AccountBallance.csproj", "{58DA7450-F28F-442C-B0D3-A4B7B6B75E28}"
EndProject
Global
	GlobalSection(SolutionConfigurationPlatforms) = preSolution
		Debug|Any CPU = Debug|Any CPU
		Release|Any CPU = Release|Any CPU
	EndGlobalSection
	GlobalSection(ProjectConfigurationPlatforms) = postSolution
		{EDED2E74-3A56-446F-BD3A-CA41D1E28B79}.Debug|Any CPU.ActiveCfg = Debug|Any CPU
		{EDED2E74-3A56-446F-BD3A-CA41D1E28B79}.Debug|Any CPU.Build.0 = Debug|Any CPU
		{EDED2E74-3A56-446F-BD3A-CA41D1E28B79}.Release|Any CPU.ActiveCfg = Release|Any CPU
		{EDED2E74-3A56-446F-BD3A-CA41D1E28B79}.Release|Any CPU.Build.0 = Release|Any CPU
		{3AF5D95A-2882-4B16-BDA4-F37CB3F4B3CF}.Debug|Any CPU.ActiveCfg = Debug|Any CPU
		{3AF5D95A-2882-4B16-BDA4-F37CB3F4B3CF}.Debug|Any CPU.Build.0 = Debug|Any CPU
		{3AF5D95A-2882-4B16-BDA4-F37CB3F4B3CF}.Release|Any CPU.ActiveCfg = Release|Any CPU
		{3AF5D95A-2882-4B16-BDA4-F37CB3F4B3CF}.Release|Any CPU.Build.0 = Release|Any CPU
		{2524332E-3D6C-478C-8740-5A7AF5A3E03B}.Debug|Any CPU.ActiveCfg = Debug|Any CPU
		{2524332E-3D6C-478C-8740-5A7AF5A3E03B}.Debug|Any CPU.Build.0 = Debug|Any CPU
		{2524332E-3D6C-478C-8740-5A7AF5A3E03B}.Release|Any CPU.ActiveCfg = Release|Any CPU
		{2524332E-3D6C-478C-8740-5A7AF5A3E03B}.Release|Any CPU.Build.0 = Release|Any CPU
		{66254881-64CF-4E5D-B01F-B9932F7F94A4}.Debug|Any CPU.ActiveCfg = Debug|Any CPU
		{66254881-64CF-4E5D-B01F-B9932F7F94A4}.Debug|Any CPU.Build.0 = Debug|Any CPU
		{66254881-64CF-4E5D-B01F-B9932F7F94A4}.Release|Any CPU.ActiveCfg = Release|Any CPU
		{66254881-64CF-4E5D-B01F-B9932F7F94A4}.Release|Any CPU.Build.0 = Release|Any CPU
		{E328E5DF-61F5-4633-979B-62C1A38B1234}.Debug|Any CPU.ActiveCfg = Debug|Any CPU
		{E328E5DF-61F5-4633-979B-62C1A38B1234}.Debug|Any CPU.Build.0 = Debug|Any CPU
		{E328E5DF-61F5-4633-979B-62C1A38B1234}.Release|Any CPU.ActiveCfg = Release|Any CPU
		{E328E5DF-61F5-4633-979B-62C1A38B1234}.Release|Any CPU.Build.0 = Release|Any CPU
		{E3D99213-7A75-4B46-B840-F65E36409E9C}.Debug|Any CPU.ActiveCfg = Debug|Any CPU
		{E3D99213-7A75-4B46-B840-F65E36409E9C}.Debug|Any CPU.Build.0 = Debug|Any CPU
		{E3D99213-7A75-4B46-B840-F65E36409E9C}.Release|Any CPU.ActiveCfg = Release|Any CPU
		{E3D99213-7A75-4B46-B840-F65E36409E9C}.Release|Any CPU.Build.0 = Release|Any CPU
		{C97EAF78-F536-4758-8DBB-E32F4F4CFFDF}.Debug|Any CPU.ActiveCfg = Debug|Any CPU
		{C97EAF78-F536-4758-8DBB-E32F4F4CFFDF}.Debug|Any CPU.Build.0 = Debug|Any CPU
		{C97EAF78-F536-4758-8DBB-E32F4F4CFFDF}.Release|Any CPU.ActiveCfg = Release|Any CPU
		{C97EAF78-F536-4758-8DBB-E32F4F4CFFDF}.Release|Any CPU.Build.0 = Release|Any CPU
		{DAC6B219-F048-4DF8-BBC6-ECCD44C498E1}.Debug|Any CPU.ActiveCfg = Debug|Any CPU
		{DAC6B219-F048-4DF8-BBC6-ECCD44C498E1}.Debug|Any CPU.Build.0 = Debug|Any CPU
		{DAC6B219-F048-4DF8-BBC6-ECCD44C498E1}.Release|Any CPU.ActiveCfg = Release|Any CPU
		{DAC6B219-F048-4DF8-BBC6-ECCD44C498E1}.Release|Any CPU.Build.0 = Release|Any CPU
		{75FE4424-C3AB-48FB-A607-07768FBC2856}.Debug|Any CPU.ActiveCfg = Debug|Any CPU
		{75FE4424-C3AB-48FB-A607-07768FBC2856}.Debug|Any CPU.Build.0 = Debug|Any CPU
		{75FE4424-C3AB-48FB-A607-07768FBC2856}.Release|Any CPU.ActiveCfg = Release|Any CPU
		{75FE4424-C3AB-48FB-A607-07768FBC2856}.Release|Any CPU.Build.0 = Release|Any CPU
		{8B46B512-49DD-4D2D-B760-950D81FB3F80}.Debug|Any CPU.ActiveCfg = Debug|Any CPU
		{8B46B512-49DD-4D2D-B760-950D81FB3F80}.Debug|Any CPU.Build.0 = Debug|Any CPU
		{8B46B512-49DD-4D2D-B760-950D81FB3F80}.Release|Any CPU.ActiveCfg = Release|Any CPU
		{8B46B512-49DD-4D2D-B760-950D81FB3F80}.Release|Any CPU.Build.0 = Release|Any CPU
		{E39FFD20-C799-41A9-B162-246BC0983F8A}.Debug|Any CPU.ActiveCfg = Debug|Any CPU
		{E39FFD20-C799-41A9-B162-246BC0983F8A}.Debug|Any CPU.Build.0 = Debug|Any CPU
		{E39FFD20-C799-41A9-B162-246BC0983F8A}.Release|Any CPU.ActiveCfg = Release|Any CPU
		{E39FFD20-C799-41A9-B162-246BC0983F8A}.Release|Any CPU.Build.0 = Release|Any CPU
		{00462688-E9A7-40E1-BBD0-27133C653564}.Debug|Any CPU.ActiveCfg = Debug|Any CPU
		{00462688-E9A7-40E1-BBD0-27133C653564}.Debug|Any CPU.Build.0 = Debug|Any CPU
		{00462688-E9A7-40E1-BBD0-27133C653564}.Release|Any CPU.ActiveCfg = Release|Any CPU
		{00462688-E9A7-40E1-BBD0-27133C653564}.Release|Any CPU.Build.0 = Release|Any CPU
		{697109D1-44A0-448C-B9C1-E09D30028D47}.Debug|Any CPU.ActiveCfg = Debug|Any CPU
		{697109D1-44A0-448C-B9C1-E09D30028D47}.Debug|Any CPU.Build.0 = Debug|Any CPU
		{697109D1-44A0-448C-B9C1-E09D30028D47}.Release|Any CPU.ActiveCfg = Release|Any CPU
		{697109D1-44A0-448C-B9C1-E09D30028D47}.Release|Any CPU.Build.0 = Release|Any CPU
		{4B62F7DC-DB17-4B7D-B072-2594B3AF94AE}.Debug|Any CPU.ActiveCfg = Debug|Any CPU
		{4B62F7DC-DB17-4B7D-B072-2594B3AF94AE}.Debug|Any CPU.Build.0 = Debug|Any CPU
		{4B62F7DC-DB17-4B7D-B072-2594B3AF94AE}.Release|Any CPU.ActiveCfg = Release|Any CPU
		{4B62F7DC-DB17-4B7D-B072-2594B3AF94AE}.Release|Any CPU.Build.0 = Release|Any CPU
		{423FBFA2-6F0B-4FDA-B689-5962E1630F66}.Debug|Any CPU.ActiveCfg = Debug|Any CPU
		{423FBFA2-6F0B-4FDA-B689-5962E1630F66}.Debug|Any CPU.Build.0 = Debug|Any CPU
		{423FBFA2-6F0B-4FDA-B689-5962E1630F66}.Release|Any CPU.ActiveCfg = Release|Any CPU
		{423FBFA2-6F0B-4FDA-B689-5962E1630F66}.Release|Any CPU.Build.0 = Release|Any CPU
		{B6226F10-DBCA-41D2-A8A8-EB34F9075A8B}.Debug|Any CPU.ActiveCfg = Debug|Any CPU
		{B6226F10-DBCA-41D2-A8A8-EB34F9075A8B}.Debug|Any CPU.Build.0 = Debug|Any CPU
		{B6226F10-DBCA-41D2-A8A8-EB34F9075A8B}.Release|Any CPU.ActiveCfg = Release|Any CPU
		{B6226F10-DBCA-41D2-A8A8-EB34F9075A8B}.Release|Any CPU.Build.0 = Release|Any CPU
		{7AFF08A5-79C2-4D31-9FC7-9A09DE3D6001}.Debug|Any CPU.ActiveCfg = Debug|Any CPU
		{7AFF08A5-79C2-4D31-9FC7-9A09DE3D6001}.Debug|Any CPU.Build.0 = Debug|Any CPU
		{7AFF08A5-79C2-4D31-9FC7-9A09DE3D6001}.Release|Any CPU.ActiveCfg = Release|Any CPU
		{7AFF08A5-79C2-4D31-9FC7-9A09DE3D6001}.Release|Any CPU.Build.0 = Release|Any CPU
		{D9E2104B-362C-4F0E-BB7B-D9B557AA22A0}.Debug|Any CPU.ActiveCfg = Debug|Any CPU
		{D9E2104B-362C-4F0E-BB7B-D9B557AA22A0}.Debug|Any CPU.Build.0 = Debug|Any CPU
		{D9E2104B-362C-4F0E-BB7B-D9B557AA22A0}.Release|Any CPU.ActiveCfg = Release|Any CPU
		{D9E2104B-362C-4F0E-BB7B-D9B557AA22A0}.Release|Any CPU.Build.0 = Release|Any CPU
		{EE67B205-54BD-4D8A-9902-625DF682CD09}.Debug|Any CPU.ActiveCfg = Debug|Any CPU
		{EE67B205-54BD-4D8A-9902-625DF682CD09}.Debug|Any CPU.Build.0 = Debug|Any CPU
		{EE67B205-54BD-4D8A-9902-625DF682CD09}.Release|Any CPU.ActiveCfg = Release|Any CPU
		{EE67B205-54BD-4D8A-9902-625DF682CD09}.Release|Any CPU.Build.0 = Release|Any CPU
		{56ECD1A8-CDA0-41CD-9A82-22770FA57DFC}.Debug|Any CPU.ActiveCfg = Debug|Any CPU
		{56ECD1A8-CDA0-41CD-9A82-22770FA57DFC}.Debug|Any CPU.Build.0 = Debug|Any CPU
		{56ECD1A8-CDA0-41CD-9A82-22770FA57DFC}.Release|Any CPU.ActiveCfg = Release|Any CPU
		{56ECD1A8-CDA0-41CD-9A82-22770FA57DFC}.Release|Any CPU.Build.0 = Release|Any CPU
		{58DA7450-F28F-442C-B0D3-A4B7B6B75E28}.Debug|Any CPU.ActiveCfg = Debug|Any CPU
		{58DA7450-F28F-442C-B0D3-A4B7B6B75E28}.Debug|Any CPU.Build.0 = Debug|Any CPU
		{58DA7450-F28F-442C-B0D3-A4B7B6B75E28}.Release|Any CPU.ActiveCfg = Release|Any CPU
		{58DA7450-F28F-442C-B0D3-A4B7B6B75E28}.Release|Any CPU.Build.0 = Release|Any CPU
	EndGlobalSection
	GlobalSection(SolutionProperties) = preSolution
		HideSolutionNode = FALSE
	EndGlobalSection
	GlobalSection(ExtensibilityGlobals) = postSolution
		SolutionGuid = {ECCE821A-662E-4184-B36E-F61657DACDD9}
	EndGlobalSection
EndGlobal
