
Microsoft Visual Studio Solution File, Format Version 12.00
# Visual Studio Version 17
VisualStudioVersion = 17.7.34031.279
MinimumVisualStudioVersion = 10.0.40219.1
Project("{9A19103F-16F7-4668-BE54-9A1E7A4F7556}") = "AreaOfFigures", "ConditionalStatementsRevised\AreaOfFigures.csproj", "{CD2EB080-6865-47C3-B57B-6586733AC1E5}"
EndProject
Project("{FAE04EC0-301F-11D3-BF4B-00C04F79EFBC}") = "FreezingWeather", "FreezingWeather\FreezingWeather.csproj", "{CCB93506-B522-495B-832A-7316EE5A21B2}"
EndProject
Project("{FAE04EC0-301F-11D3-BF4B-00C04F79EFBC}") = "EvenOdd", "EvenOdd\EvenOdd.csproj", "{CFF3EB5B-D0F1-4992-8162-A82F0A321F85}"
EndProject
Project("{FAE04EC0-301F-11D3-BF4B-00C04F79EFBC}") = "OnetoNineWords", "OnetoNineWords\OnetoNineWords.csproj", "{98BDF63A-4D9B-49CC-B84D-893888FCC6FD}"
EndProject
Project("{FAE04EC0-301F-11D3-BF4B-00C04F79EFBC}") = "GreaterNumber", "GreaterNumber\GreaterNumber.csproj", "{B958BF75-4308-443B-B8CA-D5D780D04A62}"
EndProject
Project("{FAE04EC0-301F-11D3-BF4B-00C04F79EFBC}") = "GuessThePassword", "GuessThePassword\GuessThePassword.csproj", "{B19E2BB0-7C14-4055-9ADA-9D0C0D0E8467}"
EndProject
Project("{FAE04EC0-301F-11D3-BF4B-00C04F79EFBC}") = "BoilingWater", "BoilingWater\BoilingWater.csproj", "{BC64F2D6-A02F-4B23-A011-79E7A5BAAA92}"
EndProject
Project("{FAE04EC0-301F-11D3-BF4B-00C04F79EFBC}") = "SpeedInfi", "SpeedInfi\SpeedInfi.csproj", "{D60F6791-A8A8-4077-B7CE-72F288E6A66E}"
EndProject
Project("{FAE04EC0-301F-11D3-BF4B-00C04F79EFBC}") = "TicketPrice", "TicketPrice\TicketPrice.csproj", "{39E649C6-A25C-49E3-873F-F423CFB0F6D3}"
EndProject
Project("{FAE04EC0-301F-11D3-BF4B-00C04F79EFBC}") = "ValidTriangle", "ValidTriangle\ValidTriangle.csproj", "{1D4B2A4D-FA48-42C4-B9BF-620546C3C74C}"
EndProject
Project("{FAE04EC0-301F-11D3-BF4B-00C04F79EFBC}") = "CoffeeShop", "CoffeeShop\CoffeeShop.csproj", "{66983459-7387-4BD8-9004-589D558EFD61}"
EndProject
Project("{FAE04EC0-301F-11D3-BF4B-00C04F79EFBC}") = "CoffeeShopChecks", "CoffeeShopChecks\CoffeeShopChecks.csproj", "{1210D362-B095-429E-9F3A-7D28F5552A6E}"
EndProject
Project("{FAE04EC0-301F-11D3-BF4B-00C04F79EFBC}") = "MarketPlace", "MarketPlace\MarketPlace.csproj", "{22FEF765-D6F3-4F8D-9CEE-B219B3579707}"
EndProject
Project("{FAE04EC0-301F-11D3-BF4B-00C04F79EFBC}") = "LargestNumberOutOfThree", "LargestNumberOutOfThree\LargestNumberOutOfThree.csproj", "{90CBD6A5-71E7-4E5A-88BF-8C140D994F5F}"
EndProject
Project("{FAE04EC0-301F-11D3-BF4B-00C04F79EFBC}") = "BonusScore", "BonusScore\BonusScore.csproj", "{10D6690E-BE53-4BE2-8CE6-76CCDF7A69BE}"
EndProject
Project("{FAE04EC0-301F-11D3-BF4B-00C04F79EFBC}") = "FoodOrDrink", "FoodOrDrink\FoodOrDrink.csproj", "{1065DFFA-56F6-437E-85EA-2928262805CD}"
EndProject
Project("{FAE04EC0-301F-11D3-BF4B-00C04F79EFBC}") = "FruitOrVegetable", "FruitOrVegetable\FruitOrVegetable.csproj", "{4B348649-4EBB-4DC3-8083-30A403A749FC}"
EndProject
Project("{FAE04EC0-301F-11D3-BF4B-00C04F79EFBC}") = "DayofTheWeek", "DayofTheWeek\DayofTheWeek.csproj", "{01A81FEC-72CF-490A-8B25-9D91E4320C79}"
EndProject
Project("{FAE04EC0-301F-11D3-BF4B-00C04F79EFBC}") = "SortedNumbers", "SortedNumbers\SortedNumbers.csproj", "{893FB29B-98A8-4E3B-B94E-94302D1D0A27}"
EndProject
Project("{FAE04EC0-301F-11D3-BF4B-00C04F79EFBC}") = "VowelOrConsonant", "VowelOrConsonant\VowelOrConsonant.csproj", "{DBD50ABA-5DB0-4CF2-9794-3C6C3E1F31CF}"
EndProject
Project("{FAE04EC0-301F-11D3-BF4B-00C04F79EFBC}") = "Cinema", "Cinema\Cinema.csproj", "{85E995EF-12BB-4ED1-B0B6-9344189E5B2D}"
EndProject
Project("{FAE04EC0-301F-11D3-BF4B-00C04F79EFBC}") = "NumberType", "NumberType\NumberType.csproj", "{E20A35AD-1004-4FF5-A50D-A35E3C59BA37}"
EndProject
Project("{FAE04EC0-301F-11D3-BF4B-00C04F79EFBC}") = "ATM", "ATM\ATM.csproj", "{11B16167-734B-4F95-B923-FBDD2E28F006}"
EndProject
Project("{FAE04EC0-301F-11D3-BF4B-00C04F79EFBC}") = "BiggestOfFive", "BiggestOfFive\BiggestOfFive.csproj", "{6C8485C9-3396-4463-9179-0FB455C33141}"
EndProject
Project("{FAE04EC0-301F-11D3-BF4B-00C04F79EFBC}") = "NumberOperations", "NumberOperations\NumberOperations.csproj", "{80259DEA-5102-4F93-9273-328907025BEC}"
EndProject
Project("{FAE04EC0-301F-11D3-BF4B-00C04F79EFBC}") = "VacationExpenses", "VacationExpenses\VacationExpenses.csproj", "{BD780D1F-3CF7-4E22-A094-7DFC3BD0FE64}"
EndProject
Project("{FAE04EC0-301F-11D3-BF4B-00C04F79EFBC}") = "ProductOfThreeNum", "ProductOfThreeNum\ProductOfThreeNum.csproj", "{03032AB8-6763-4E63-B270-D6F27DCDBAB9}"
EndProject
Project("{FAE04EC0-301F-11D3-BF4B-00C04F79EFBC}") = "WorkingHours", "WorkingHours\WorkingHours.csproj", "{DE508C3C-A815-4133-BC6C-0F096227421D}"
EndProject
Project("{FAE04EC0-301F-11D3-BF4B-00C04F79EFBC}") = "InvalidNumbers", "InvalidNumbers\InvalidNumbers.csproj", "{E9E6D4D5-3B09-44E1-A985-1C4F573E04B9}"
EndProject
Project("{FAE04EC0-301F-11D3-BF4B-00C04F79EFBC}") = "SumSeconds", "SumSeconds\SumSeconds.csproj", "{53CE0153-0526-40DF-BB22-07DE44162D8B}"
EndProject
Project("{FAE04EC0-301F-11D3-BF4B-00C04F79EFBC}") = "SummerOutfit", "SummerOutfit\SummerOutfit.csproj", "{C254BF71-A2A2-4955-862B-5127D9348ACC}"
EndProject
Global
	GlobalSection(SolutionConfigurationPlatforms) = preSolution
		Debug|Any CPU = Debug|Any CPU
		Release|Any CPU = Release|Any CPU
	EndGlobalSection
	GlobalSection(ProjectConfigurationPlatforms) = postSolution
		{CD2EB080-6865-47C3-B57B-6586733AC1E5}.Debug|Any CPU.ActiveCfg = Debug|Any CPU
		{CD2EB080-6865-47C3-B57B-6586733AC1E5}.Debug|Any CPU.Build.0 = Debug|Any CPU
		{CD2EB080-6865-47C3-B57B-6586733AC1E5}.Release|Any CPU.ActiveCfg = Release|Any CPU
		{CD2EB080-6865-47C3-B57B-6586733AC1E5}.Release|Any CPU.Build.0 = Release|Any CPU
		{CCB93506-B522-495B-832A-7316EE5A21B2}.Debug|Any CPU.ActiveCfg = Debug|Any CPU
		{CCB93506-B522-495B-832A-7316EE5A21B2}.Debug|Any CPU.Build.0 = Debug|Any CPU
		{CCB93506-B522-495B-832A-7316EE5A21B2}.Release|Any CPU.ActiveCfg = Release|Any CPU
		{CCB93506-B522-495B-832A-7316EE5A21B2}.Release|Any CPU.Build.0 = Release|Any CPU
		{CFF3EB5B-D0F1-4992-8162-A82F0A321F85}.Debug|Any CPU.ActiveCfg = Debug|Any CPU
		{CFF3EB5B-D0F1-4992-8162-A82F0A321F85}.Debug|Any CPU.Build.0 = Debug|Any CPU
		{CFF3EB5B-D0F1-4992-8162-A82F0A321F85}.Release|Any CPU.ActiveCfg = Release|Any CPU
		{CFF3EB5B-D0F1-4992-8162-A82F0A321F85}.Release|Any CPU.Build.0 = Release|Any CPU
		{98BDF63A-4D9B-49CC-B84D-893888FCC6FD}.Debug|Any CPU.ActiveCfg = Debug|Any CPU
		{98BDF63A-4D9B-49CC-B84D-893888FCC6FD}.Debug|Any CPU.Build.0 = Debug|Any CPU
		{98BDF63A-4D9B-49CC-B84D-893888FCC6FD}.Release|Any CPU.ActiveCfg = Release|Any CPU
		{98BDF63A-4D9B-49CC-B84D-893888FCC6FD}.Release|Any CPU.Build.0 = Release|Any CPU
		{B958BF75-4308-443B-B8CA-D5D780D04A62}.Debug|Any CPU.ActiveCfg = Debug|Any CPU
		{B958BF75-4308-443B-B8CA-D5D780D04A62}.Debug|Any CPU.Build.0 = Debug|Any CPU
		{B958BF75-4308-443B-B8CA-D5D780D04A62}.Release|Any CPU.ActiveCfg = Release|Any CPU
		{B958BF75-4308-443B-B8CA-D5D780D04A62}.Release|Any CPU.Build.0 = Release|Any CPU
		{B19E2BB0-7C14-4055-9ADA-9D0C0D0E8467}.Debug|Any CPU.ActiveCfg = Debug|Any CPU
		{B19E2BB0-7C14-4055-9ADA-9D0C0D0E8467}.Debug|Any CPU.Build.0 = Debug|Any CPU
		{B19E2BB0-7C14-4055-9ADA-9D0C0D0E8467}.Release|Any CPU.ActiveCfg = Release|Any CPU
		{B19E2BB0-7C14-4055-9ADA-9D0C0D0E8467}.Release|Any CPU.Build.0 = Release|Any CPU
		{BC64F2D6-A02F-4B23-A011-79E7A5BAAA92}.Debug|Any CPU.ActiveCfg = Debug|Any CPU
		{BC64F2D6-A02F-4B23-A011-79E7A5BAAA92}.Debug|Any CPU.Build.0 = Debug|Any CPU
		{BC64F2D6-A02F-4B23-A011-79E7A5BAAA92}.Release|Any CPU.ActiveCfg = Release|Any CPU
		{BC64F2D6-A02F-4B23-A011-79E7A5BAAA92}.Release|Any CPU.Build.0 = Release|Any CPU
		{D60F6791-A8A8-4077-B7CE-72F288E6A66E}.Debug|Any CPU.ActiveCfg = Debug|Any CPU
		{D60F6791-A8A8-4077-B7CE-72F288E6A66E}.Debug|Any CPU.Build.0 = Debug|Any CPU
		{D60F6791-A8A8-4077-B7CE-72F288E6A66E}.Release|Any CPU.ActiveCfg = Release|Any CPU
		{D60F6791-A8A8-4077-B7CE-72F288E6A66E}.Release|Any CPU.Build.0 = Release|Any CPU
		{39E649C6-A25C-49E3-873F-F423CFB0F6D3}.Debug|Any CPU.ActiveCfg = Debug|Any CPU
		{39E649C6-A25C-49E3-873F-F423CFB0F6D3}.Debug|Any CPU.Build.0 = Debug|Any CPU
		{39E649C6-A25C-49E3-873F-F423CFB0F6D3}.Release|Any CPU.ActiveCfg = Release|Any CPU
		{39E649C6-A25C-49E3-873F-F423CFB0F6D3}.Release|Any CPU.Build.0 = Release|Any CPU
		{1D4B2A4D-FA48-42C4-B9BF-620546C3C74C}.Debug|Any CPU.ActiveCfg = Debug|Any CPU
		{1D4B2A4D-FA48-42C4-B9BF-620546C3C74C}.Debug|Any CPU.Build.0 = Debug|Any CPU
		{1D4B2A4D-FA48-42C4-B9BF-620546C3C74C}.Release|Any CPU.ActiveCfg = Release|Any CPU
		{1D4B2A4D-FA48-42C4-B9BF-620546C3C74C}.Release|Any CPU.Build.0 = Release|Any CPU
		{66983459-7387-4BD8-9004-589D558EFD61}.Debug|Any CPU.ActiveCfg = Debug|Any CPU
		{66983459-7387-4BD8-9004-589D558EFD61}.Debug|Any CPU.Build.0 = Debug|Any CPU
		{66983459-7387-4BD8-9004-589D558EFD61}.Release|Any CPU.ActiveCfg = Release|Any CPU
		{66983459-7387-4BD8-9004-589D558EFD61}.Release|Any CPU.Build.0 = Release|Any CPU
		{1210D362-B095-429E-9F3A-7D28F5552A6E}.Debug|Any CPU.ActiveCfg = Debug|Any CPU
		{1210D362-B095-429E-9F3A-7D28F5552A6E}.Debug|Any CPU.Build.0 = Debug|Any CPU
		{1210D362-B095-429E-9F3A-7D28F5552A6E}.Release|Any CPU.ActiveCfg = Release|Any CPU
		{1210D362-B095-429E-9F3A-7D28F5552A6E}.Release|Any CPU.Build.0 = Release|Any CPU
		{22FEF765-D6F3-4F8D-9CEE-B219B3579707}.Debug|Any CPU.ActiveCfg = Debug|Any CPU
		{22FEF765-D6F3-4F8D-9CEE-B219B3579707}.Debug|Any CPU.Build.0 = Debug|Any CPU
		{22FEF765-D6F3-4F8D-9CEE-B219B3579707}.Release|Any CPU.ActiveCfg = Release|Any CPU
		{22FEF765-D6F3-4F8D-9CEE-B219B3579707}.Release|Any CPU.Build.0 = Release|Any CPU
		{90CBD6A5-71E7-4E5A-88BF-8C140D994F5F}.Debug|Any CPU.ActiveCfg = Debug|Any CPU
		{90CBD6A5-71E7-4E5A-88BF-8C140D994F5F}.Debug|Any CPU.Build.0 = Debug|Any CPU
		{90CBD6A5-71E7-4E5A-88BF-8C140D994F5F}.Release|Any CPU.ActiveCfg = Release|Any CPU
		{90CBD6A5-71E7-4E5A-88BF-8C140D994F5F}.Release|Any CPU.Build.0 = Release|Any CPU
		{10D6690E-BE53-4BE2-8CE6-76CCDF7A69BE}.Debug|Any CPU.ActiveCfg = Debug|Any CPU
		{10D6690E-BE53-4BE2-8CE6-76CCDF7A69BE}.Debug|Any CPU.Build.0 = Debug|Any CPU
		{10D6690E-BE53-4BE2-8CE6-76CCDF7A69BE}.Release|Any CPU.ActiveCfg = Release|Any CPU
		{10D6690E-BE53-4BE2-8CE6-76CCDF7A69BE}.Release|Any CPU.Build.0 = Release|Any CPU
		{1065DFFA-56F6-437E-85EA-2928262805CD}.Debug|Any CPU.ActiveCfg = Debug|Any CPU
		{1065DFFA-56F6-437E-85EA-2928262805CD}.Debug|Any CPU.Build.0 = Debug|Any CPU
		{1065DFFA-56F6-437E-85EA-2928262805CD}.Release|Any CPU.ActiveCfg = Release|Any CPU
		{1065DFFA-56F6-437E-85EA-2928262805CD}.Release|Any CPU.Build.0 = Release|Any CPU
		{4B348649-4EBB-4DC3-8083-30A403A749FC}.Debug|Any CPU.ActiveCfg = Debug|Any CPU
		{4B348649-4EBB-4DC3-8083-30A403A749FC}.Debug|Any CPU.Build.0 = Debug|Any CPU
		{4B348649-4EBB-4DC3-8083-30A403A749FC}.Release|Any CPU.ActiveCfg = Release|Any CPU
		{4B348649-4EBB-4DC3-8083-30A403A749FC}.Release|Any CPU.Build.0 = Release|Any CPU
		{01A81FEC-72CF-490A-8B25-9D91E4320C79}.Debug|Any CPU.ActiveCfg = Debug|Any CPU
		{01A81FEC-72CF-490A-8B25-9D91E4320C79}.Debug|Any CPU.Build.0 = Debug|Any CPU
		{01A81FEC-72CF-490A-8B25-9D91E4320C79}.Release|Any CPU.ActiveCfg = Release|Any CPU
		{01A81FEC-72CF-490A-8B25-9D91E4320C79}.Release|Any CPU.Build.0 = Release|Any CPU
		{893FB29B-98A8-4E3B-B94E-94302D1D0A27}.Debug|Any CPU.ActiveCfg = Debug|Any CPU
		{893FB29B-98A8-4E3B-B94E-94302D1D0A27}.Debug|Any CPU.Build.0 = Debug|Any CPU
		{893FB29B-98A8-4E3B-B94E-94302D1D0A27}.Release|Any CPU.ActiveCfg = Release|Any CPU
		{893FB29B-98A8-4E3B-B94E-94302D1D0A27}.Release|Any CPU.Build.0 = Release|Any CPU
		{DBD50ABA-5DB0-4CF2-9794-3C6C3E1F31CF}.Debug|Any CPU.ActiveCfg = Debug|Any CPU
		{DBD50ABA-5DB0-4CF2-9794-3C6C3E1F31CF}.Debug|Any CPU.Build.0 = Debug|Any CPU
		{DBD50ABA-5DB0-4CF2-9794-3C6C3E1F31CF}.Release|Any CPU.ActiveCfg = Release|Any CPU
		{DBD50ABA-5DB0-4CF2-9794-3C6C3E1F31CF}.Release|Any CPU.Build.0 = Release|Any CPU
		{85E995EF-12BB-4ED1-B0B6-9344189E5B2D}.Debug|Any CPU.ActiveCfg = Debug|Any CPU
		{85E995EF-12BB-4ED1-B0B6-9344189E5B2D}.Debug|Any CPU.Build.0 = Debug|Any CPU
		{85E995EF-12BB-4ED1-B0B6-9344189E5B2D}.Release|Any CPU.ActiveCfg = Release|Any CPU
		{85E995EF-12BB-4ED1-B0B6-9344189E5B2D}.Release|Any CPU.Build.0 = Release|Any CPU
		{E20A35AD-1004-4FF5-A50D-A35E3C59BA37}.Debug|Any CPU.ActiveCfg = Debug|Any CPU
		{E20A35AD-1004-4FF5-A50D-A35E3C59BA37}.Debug|Any CPU.Build.0 = Debug|Any CPU
		{E20A35AD-1004-4FF5-A50D-A35E3C59BA37}.Release|Any CPU.ActiveCfg = Release|Any CPU
		{E20A35AD-1004-4FF5-A50D-A35E3C59BA37}.Release|Any CPU.Build.0 = Release|Any CPU
		{11B16167-734B-4F95-B923-FBDD2E28F006}.Debug|Any CPU.ActiveCfg = Debug|Any CPU
		{11B16167-734B-4F95-B923-FBDD2E28F006}.Debug|Any CPU.Build.0 = Debug|Any CPU
		{11B16167-734B-4F95-B923-FBDD2E28F006}.Release|Any CPU.ActiveCfg = Release|Any CPU
		{11B16167-734B-4F95-B923-FBDD2E28F006}.Release|Any CPU.Build.0 = Release|Any CPU
		{6C8485C9-3396-4463-9179-0FB455C33141}.Debug|Any CPU.ActiveCfg = Debug|Any CPU
		{6C8485C9-3396-4463-9179-0FB455C33141}.Debug|Any CPU.Build.0 = Debug|Any CPU
		{6C8485C9-3396-4463-9179-0FB455C33141}.Release|Any CPU.ActiveCfg = Release|Any CPU
		{6C8485C9-3396-4463-9179-0FB455C33141}.Release|Any CPU.Build.0 = Release|Any CPU
		{80259DEA-5102-4F93-9273-328907025BEC}.Debug|Any CPU.ActiveCfg = Debug|Any CPU
		{80259DEA-5102-4F93-9273-328907025BEC}.Debug|Any CPU.Build.0 = Debug|Any CPU
		{80259DEA-5102-4F93-9273-328907025BEC}.Release|Any CPU.ActiveCfg = Release|Any CPU
		{80259DEA-5102-4F93-9273-328907025BEC}.Release|Any CPU.Build.0 = Release|Any CPU
		{BD780D1F-3CF7-4E22-A094-7DFC3BD0FE64}.Debug|Any CPU.ActiveCfg = Debug|Any CPU
		{BD780D1F-3CF7-4E22-A094-7DFC3BD0FE64}.Debug|Any CPU.Build.0 = Debug|Any CPU
		{BD780D1F-3CF7-4E22-A094-7DFC3BD0FE64}.Release|Any CPU.ActiveCfg = Release|Any CPU
		{BD780D1F-3CF7-4E22-A094-7DFC3BD0FE64}.Release|Any CPU.Build.0 = Release|Any CPU
		{03032AB8-6763-4E63-B270-D6F27DCDBAB9}.Debug|Any CPU.ActiveCfg = Debug|Any CPU
		{03032AB8-6763-4E63-B270-D6F27DCDBAB9}.Debug|Any CPU.Build.0 = Debug|Any CPU
		{03032AB8-6763-4E63-B270-D6F27DCDBAB9}.Release|Any CPU.ActiveCfg = Release|Any CPU
		{03032AB8-6763-4E63-B270-D6F27DCDBAB9}.Release|Any CPU.Build.0 = Release|Any CPU
		{DE508C3C-A815-4133-BC6C-0F096227421D}.Debug|Any CPU.ActiveCfg = Debug|Any CPU
		{DE508C3C-A815-4133-BC6C-0F096227421D}.Debug|Any CPU.Build.0 = Debug|Any CPU
		{DE508C3C-A815-4133-BC6C-0F096227421D}.Release|Any CPU.ActiveCfg = Release|Any CPU
		{DE508C3C-A815-4133-BC6C-0F096227421D}.Release|Any CPU.Build.0 = Release|Any CPU
		{E9E6D4D5-3B09-44E1-A985-1C4F573E04B9}.Debug|Any CPU.ActiveCfg = Debug|Any CPU
		{E9E6D4D5-3B09-44E1-A985-1C4F573E04B9}.Debug|Any CPU.Build.0 = Debug|Any CPU
		{E9E6D4D5-3B09-44E1-A985-1C4F573E04B9}.Release|Any CPU.ActiveCfg = Release|Any CPU
		{E9E6D4D5-3B09-44E1-A985-1C4F573E04B9}.Release|Any CPU.Build.0 = Release|Any CPU
		{53CE0153-0526-40DF-BB22-07DE44162D8B}.Debug|Any CPU.ActiveCfg = Debug|Any CPU
		{53CE0153-0526-40DF-BB22-07DE44162D8B}.Debug|Any CPU.Build.0 = Debug|Any CPU
		{53CE0153-0526-40DF-BB22-07DE44162D8B}.Release|Any CPU.ActiveCfg = Release|Any CPU
		{53CE0153-0526-40DF-BB22-07DE44162D8B}.Release|Any CPU.Build.0 = Release|Any CPU
		{C254BF71-A2A2-4955-862B-5127D9348ACC}.Debug|Any CPU.ActiveCfg = Debug|Any CPU
		{C254BF71-A2A2-4955-862B-5127D9348ACC}.Debug|Any CPU.Build.0 = Debug|Any CPU
		{C254BF71-A2A2-4955-862B-5127D9348ACC}.Release|Any CPU.ActiveCfg = Release|Any CPU
		{C254BF71-A2A2-4955-862B-5127D9348ACC}.Release|Any CPU.Build.0 = Release|Any CPU
	EndGlobalSection
	GlobalSection(SolutionProperties) = preSolution
		HideSolutionNode = FALSE
	EndGlobalSection
	GlobalSection(ExtensibilityGlobals) = postSolution
		SolutionGuid = {CC6BCA1C-D887-49FB-A220-87533B89E4C0}
	EndGlobalSection
EndGlobal
