
Microsoft Visual Studio Solution File, Format Version 12.00
# Visual Studio Version 17
VisualStudioVersion = 17.7.34024.191
MinimumVisualStudioVersion = 10.0.40219.1
Project("{9A19103F-16F7-4668-BE54-9A1E7A4F7556}") = "ForAndWhileLoops", "ForAndWhileLoops\ForAndWhileLoops.csproj", "{E8779356-EF69-48BD-A265-08E286E28E3E}"
EndProject
Project("{FAE04EC0-301F-11D3-BF4B-00C04F79EFBC}") = "1toNreversed", "1toNreversed\1toNreversed.csproj", "{79EFC8D5-2DF8-4891-ACA0-596E43060EB5}"
EndProject
Project("{FAE04EC0-301F-11D3-BF4B-00C04F79EFBC}") = "1toNstep3", "1toNstep3\1toNstep3.csproj", "{4C578AFC-C3F1-47E6-A1A5-2608F789E091}"
EndProject
Project("{FAE04EC0-301F-11D3-BF4B-00C04F79EFBC}") = "EvenPowersOfTwo", "EvenPowersOfTwo\EvenPowersOfTwo.csproj", "{056C2CE1-E979-402F-B3FA-5E2B643DE84E}"
EndProject
Project("{FAE04EC0-301F-11D3-BF4B-00C04F79EFBC}") = "SumOfNumbers", "SumOfNumbers\SumOfNumbers.csproj", "{46D24077-23D1-4E15-A669-F18BD6AAD0EC}"
EndProject
Project("{FAE04EC0-301F-11D3-BF4B-00C04F79EFBC}") = "SequenceOfNumbers2k+1", "SequenceOfNumbers2k+1\SequenceOfNumbers2k+1.csproj", "{16EA6C2D-084C-4D9E-8265-4BB0D3D03AE9}"
EndProject
Project("{FAE04EC0-301F-11D3-BF4B-00C04F79EFBC}") = "AccountBallance", "AccountBallance\AccountBallance.csproj", "{5678925D-9CD5-480E-808C-075D54D95812}"
EndProject
Project("{FAE04EC0-301F-11D3-BF4B-00C04F79EFBC}") = "GreatestNumber", "GreatestNumber\GreatestNumber.csproj", "{F9CB5294-EAD0-4A3C-A02A-6729959FB634}"
EndProject
Project("{FAE04EC0-301F-11D3-BF4B-00C04F79EFBC}") = "SmallestNumber", "SmallestNumber\SmallestNumber.csproj", "{E31CC748-0E00-40BC-965F-FE2B6624465D}"
EndProject
Project("{FAE04EC0-301F-11D3-BF4B-00C04F79EFBC}") = "Graduation", "Graduation\Graduation.csproj", "{9D02746A-FB5C-4FC1-8E8C-5373208B43E5}"
EndProject
Project("{FAE04EC0-301F-11D3-BF4B-00C04F79EFBC}") = "NumbersEndingin7", "NumbersEndingin7\NumbersEndingin7.csproj", "{F979128A-36D2-4C7C-97E7-98D880401770}"
EndProject
Project("{FAE04EC0-301F-11D3-BF4B-00C04F79EFBC}") = "HalfSumElement", "HalfSumElement\HalfSumElement.csproj", "{49D0AFAC-4893-495C-BEE5-AC898FFA3814}"
EndProject
Project("{FAE04EC0-301F-11D3-BF4B-00C04F79EFBC}") = "OldBooks", "OldBooks\OldBooks.csproj", "{3C4C84AB-88BC-45DE-86E4-0906DF48C721}"
EndProject
Project("{FAE04EC0-301F-11D3-BF4B-00C04F79EFBC}") = "ExamPreparation", "ExamPreparation\ExamPreparation.csproj", "{9ED7F9B9-182B-4345-AAF8-7A7761644B2C}"
EndProject
Project("{FAE04EC0-301F-11D3-BF4B-00C04F79EFBC}") = "VacationSavings", "VacationSavings\VacationSavings.csproj", "{B01D9AA7-4DE0-4B3E-A204-0DDB38C23210}"
EndProject
Project("{FAE04EC0-301F-11D3-BF4B-00C04F79EFBC}") = "Walking", "Walking\Walking.csproj", "{2A8809F9-D511-4C8C-AA96-733E90236172}"
EndProject
Project("{FAE04EC0-301F-11D3-BF4B-00C04F79EFBC}") = "Coins", "Coins\Coins.csproj", "{7D635094-AF6F-4573-80A5-233F6435F8E9}"
EndProject
Project("{FAE04EC0-301F-11D3-BF4B-00C04F79EFBC}") = "Cake", "Cake\Cake.csproj", "{62D52705-DBF5-44D4-8E6F-8F34C5A14F40}"
EndProject
Project("{FAE04EC0-301F-11D3-BF4B-00C04F79EFBC}") = "MovingOut", "MovingOut\MovingOut.csproj", "{3FC15E49-7405-4E09-8E80-9BA20B82AE61}"
EndProject
Project("{FAE04EC0-301F-11D3-BF4B-00C04F79EFBC}") = "numberpyramid", "numberpyramid\numberpyramid.csproj", "{792D2C3D-61A4-4381-B4E8-C2601020BBAC}"
EndProject
Project("{FAE04EC0-301F-11D3-BF4B-00C04F79EFBC}") = "EqualSumOfEvenAndOdd", "EqualSumOfEvenAndOdd\EqualSumOfEvenAndOdd.csproj", "{F0941319-883C-4B06-B85A-9AC4EFF5FC35}"
EndProject
Project("{FAE04EC0-301F-11D3-BF4B-00C04F79EFBC}") = "SumOfPrimeNonPrime", "SumOfPrimeNonPrime\SumOfPrimeNonPrime.csproj", "{A53D2982-2C46-4247-AC85-63B8A78B6AB6}"
EndProject
Project("{FAE04EC0-301F-11D3-BF4B-00C04F79EFBC}") = "TrainTheTrainers", "TrainTheTrainers\TrainTheTrainers.csproj", "{CBF1BFF7-D7D0-4C33-95D8-FE26F7437306}"
EndProject
Project("{FAE04EC0-301F-11D3-BF4B-00C04F79EFBC}") = "SpecialNumbers", "SpecialNumbers\SpecialNumbers.csproj", "{3AC27840-3F10-4FBE-8D3B-3226FE9A2F28}"
EndProject
Project("{FAE04EC0-301F-11D3-BF4B-00C04F79EFBC}") = "ConsoleApp1", "ConsoleApp1\ConsoleApp1.csproj", "{C61E6BE2-27D9-480F-9EC8-1CE4F3566FC8}"
EndProject
Global
	GlobalSection(SolutionConfigurationPlatforms) = preSolution
		Debug|Any CPU = Debug|Any CPU
		Release|Any CPU = Release|Any CPU
	EndGlobalSection
	GlobalSection(ProjectConfigurationPlatforms) = postSolution
		{E8779356-EF69-48BD-A265-08E286E28E3E}.Debug|Any CPU.ActiveCfg = Debug|Any CPU
		{E8779356-EF69-48BD-A265-08E286E28E3E}.Debug|Any CPU.Build.0 = Debug|Any CPU
		{E8779356-EF69-48BD-A265-08E286E28E3E}.Release|Any CPU.ActiveCfg = Release|Any CPU
		{E8779356-EF69-48BD-A265-08E286E28E3E}.Release|Any CPU.Build.0 = Release|Any CPU
		{79EFC8D5-2DF8-4891-ACA0-596E43060EB5}.Debug|Any CPU.ActiveCfg = Debug|Any CPU
		{79EFC8D5-2DF8-4891-ACA0-596E43060EB5}.Debug|Any CPU.Build.0 = Debug|Any CPU
		{79EFC8D5-2DF8-4891-ACA0-596E43060EB5}.Release|Any CPU.ActiveCfg = Release|Any CPU
		{79EFC8D5-2DF8-4891-ACA0-596E43060EB5}.Release|Any CPU.Build.0 = Release|Any CPU
		{4C578AFC-C3F1-47E6-A1A5-2608F789E091}.Debug|Any CPU.ActiveCfg = Debug|Any CPU
		{4C578AFC-C3F1-47E6-A1A5-2608F789E091}.Debug|Any CPU.Build.0 = Debug|Any CPU
		{4C578AFC-C3F1-47E6-A1A5-2608F789E091}.Release|Any CPU.ActiveCfg = Release|Any CPU
		{4C578AFC-C3F1-47E6-A1A5-2608F789E091}.Release|Any CPU.Build.0 = Release|Any CPU
		{056C2CE1-E979-402F-B3FA-5E2B643DE84E}.Debug|Any CPU.ActiveCfg = Debug|Any CPU
		{056C2CE1-E979-402F-B3FA-5E2B643DE84E}.Debug|Any CPU.Build.0 = Debug|Any CPU
		{056C2CE1-E979-402F-B3FA-5E2B643DE84E}.Release|Any CPU.ActiveCfg = Release|Any CPU
		{056C2CE1-E979-402F-B3FA-5E2B643DE84E}.Release|Any CPU.Build.0 = Release|Any CPU
		{46D24077-23D1-4E15-A669-F18BD6AAD0EC}.Debug|Any CPU.ActiveCfg = Debug|Any CPU
		{46D24077-23D1-4E15-A669-F18BD6AAD0EC}.Debug|Any CPU.Build.0 = Debug|Any CPU
		{46D24077-23D1-4E15-A669-F18BD6AAD0EC}.Release|Any CPU.ActiveCfg = Release|Any CPU
		{46D24077-23D1-4E15-A669-F18BD6AAD0EC}.Release|Any CPU.Build.0 = Release|Any CPU
		{16EA6C2D-084C-4D9E-8265-4BB0D3D03AE9}.Debug|Any CPU.ActiveCfg = Debug|Any CPU
		{16EA6C2D-084C-4D9E-8265-4BB0D3D03AE9}.Debug|Any CPU.Build.0 = Debug|Any CPU
		{16EA6C2D-084C-4D9E-8265-4BB0D3D03AE9}.Release|Any CPU.ActiveCfg = Release|Any CPU
		{16EA6C2D-084C-4D9E-8265-4BB0D3D03AE9}.Release|Any CPU.Build.0 = Release|Any CPU
		{5678925D-9CD5-480E-808C-075D54D95812}.Debug|Any CPU.ActiveCfg = Debug|Any CPU
		{5678925D-9CD5-480E-808C-075D54D95812}.Debug|Any CPU.Build.0 = Debug|Any CPU
		{5678925D-9CD5-480E-808C-075D54D95812}.Release|Any CPU.ActiveCfg = Release|Any CPU
		{5678925D-9CD5-480E-808C-075D54D95812}.Release|Any CPU.Build.0 = Release|Any CPU
		{F9CB5294-EAD0-4A3C-A02A-6729959FB634}.Debug|Any CPU.ActiveCfg = Debug|Any CPU
		{F9CB5294-EAD0-4A3C-A02A-6729959FB634}.Debug|Any CPU.Build.0 = Debug|Any CPU
		{F9CB5294-EAD0-4A3C-A02A-6729959FB634}.Release|Any CPU.ActiveCfg = Release|Any CPU
		{F9CB5294-EAD0-4A3C-A02A-6729959FB634}.Release|Any CPU.Build.0 = Release|Any CPU
		{E31CC748-0E00-40BC-965F-FE2B6624465D}.Debug|Any CPU.ActiveCfg = Debug|Any CPU
		{E31CC748-0E00-40BC-965F-FE2B6624465D}.Debug|Any CPU.Build.0 = Debug|Any CPU
		{E31CC748-0E00-40BC-965F-FE2B6624465D}.Release|Any CPU.ActiveCfg = Release|Any CPU
		{E31CC748-0E00-40BC-965F-FE2B6624465D}.Release|Any CPU.Build.0 = Release|Any CPU
		{9D02746A-FB5C-4FC1-8E8C-5373208B43E5}.Debug|Any CPU.ActiveCfg = Debug|Any CPU
		{9D02746A-FB5C-4FC1-8E8C-5373208B43E5}.Debug|Any CPU.Build.0 = Debug|Any CPU
		{9D02746A-FB5C-4FC1-8E8C-5373208B43E5}.Release|Any CPU.ActiveCfg = Release|Any CPU
		{9D02746A-FB5C-4FC1-8E8C-5373208B43E5}.Release|Any CPU.Build.0 = Release|Any CPU
		{F979128A-36D2-4C7C-97E7-98D880401770}.Debug|Any CPU.ActiveCfg = Debug|Any CPU
		{F979128A-36D2-4C7C-97E7-98D880401770}.Debug|Any CPU.Build.0 = Debug|Any CPU
		{F979128A-36D2-4C7C-97E7-98D880401770}.Release|Any CPU.ActiveCfg = Release|Any CPU
		{F979128A-36D2-4C7C-97E7-98D880401770}.Release|Any CPU.Build.0 = Release|Any CPU
		{49D0AFAC-4893-495C-BEE5-AC898FFA3814}.Debug|Any CPU.ActiveCfg = Debug|Any CPU
		{49D0AFAC-4893-495C-BEE5-AC898FFA3814}.Debug|Any CPU.Build.0 = Debug|Any CPU
		{49D0AFAC-4893-495C-BEE5-AC898FFA3814}.Release|Any CPU.ActiveCfg = Release|Any CPU
		{49D0AFAC-4893-495C-BEE5-AC898FFA3814}.Release|Any CPU.Build.0 = Release|Any CPU
		{3C4C84AB-88BC-45DE-86E4-0906DF48C721}.Debug|Any CPU.ActiveCfg = Debug|Any CPU
		{3C4C84AB-88BC-45DE-86E4-0906DF48C721}.Debug|Any CPU.Build.0 = Debug|Any CPU
		{3C4C84AB-88BC-45DE-86E4-0906DF48C721}.Release|Any CPU.ActiveCfg = Release|Any CPU
		{3C4C84AB-88BC-45DE-86E4-0906DF48C721}.Release|Any CPU.Build.0 = Release|Any CPU
		{9ED7F9B9-182B-4345-AAF8-7A7761644B2C}.Debug|Any CPU.ActiveCfg = Debug|Any CPU
		{9ED7F9B9-182B-4345-AAF8-7A7761644B2C}.Debug|Any CPU.Build.0 = Debug|Any CPU
		{9ED7F9B9-182B-4345-AAF8-7A7761644B2C}.Release|Any CPU.ActiveCfg = Release|Any CPU
		{9ED7F9B9-182B-4345-AAF8-7A7761644B2C}.Release|Any CPU.Build.0 = Release|Any CPU
		{B01D9AA7-4DE0-4B3E-A204-0DDB38C23210}.Debug|Any CPU.ActiveCfg = Debug|Any CPU
		{B01D9AA7-4DE0-4B3E-A204-0DDB38C23210}.Debug|Any CPU.Build.0 = Debug|Any CPU
		{B01D9AA7-4DE0-4B3E-A204-0DDB38C23210}.Release|Any CPU.ActiveCfg = Release|Any CPU
		{B01D9AA7-4DE0-4B3E-A204-0DDB38C23210}.Release|Any CPU.Build.0 = Release|Any CPU
		{2A8809F9-D511-4C8C-AA96-733E90236172}.Debug|Any CPU.ActiveCfg = Debug|Any CPU
		{2A8809F9-D511-4C8C-AA96-733E90236172}.Debug|Any CPU.Build.0 = Debug|Any CPU
		{2A8809F9-D511-4C8C-AA96-733E90236172}.Release|Any CPU.ActiveCfg = Release|Any CPU
		{2A8809F9-D511-4C8C-AA96-733E90236172}.Release|Any CPU.Build.0 = Release|Any CPU
		{7D635094-AF6F-4573-80A5-233F6435F8E9}.Debug|Any CPU.ActiveCfg = Debug|Any CPU
		{7D635094-AF6F-4573-80A5-233F6435F8E9}.Debug|Any CPU.Build.0 = Debug|Any CPU
		{7D635094-AF6F-4573-80A5-233F6435F8E9}.Release|Any CPU.ActiveCfg = Release|Any CPU
		{7D635094-AF6F-4573-80A5-233F6435F8E9}.Release|Any CPU.Build.0 = Release|Any CPU
		{62D52705-DBF5-44D4-8E6F-8F34C5A14F40}.Debug|Any CPU.ActiveCfg = Debug|Any CPU
		{62D52705-DBF5-44D4-8E6F-8F34C5A14F40}.Debug|Any CPU.Build.0 = Debug|Any CPU
		{62D52705-DBF5-44D4-8E6F-8F34C5A14F40}.Release|Any CPU.ActiveCfg = Release|Any CPU
		{62D52705-DBF5-44D4-8E6F-8F34C5A14F40}.Release|Any CPU.Build.0 = Release|Any CPU
		{3FC15E49-7405-4E09-8E80-9BA20B82AE61}.Debug|Any CPU.ActiveCfg = Debug|Any CPU
		{3FC15E49-7405-4E09-8E80-9BA20B82AE61}.Debug|Any CPU.Build.0 = Debug|Any CPU
		{3FC15E49-7405-4E09-8E80-9BA20B82AE61}.Release|Any CPU.ActiveCfg = Release|Any CPU
		{3FC15E49-7405-4E09-8E80-9BA20B82AE61}.Release|Any CPU.Build.0 = Release|Any CPU
		{792D2C3D-61A4-4381-B4E8-C2601020BBAC}.Debug|Any CPU.ActiveCfg = Debug|Any CPU
		{792D2C3D-61A4-4381-B4E8-C2601020BBAC}.Debug|Any CPU.Build.0 = Debug|Any CPU
		{792D2C3D-61A4-4381-B4E8-C2601020BBAC}.Release|Any CPU.ActiveCfg = Release|Any CPU
		{792D2C3D-61A4-4381-B4E8-C2601020BBAC}.Release|Any CPU.Build.0 = Release|Any CPU
		{F0941319-883C-4B06-B85A-9AC4EFF5FC35}.Debug|Any CPU.ActiveCfg = Debug|Any CPU
		{F0941319-883C-4B06-B85A-9AC4EFF5FC35}.Debug|Any CPU.Build.0 = Debug|Any CPU
		{F0941319-883C-4B06-B85A-9AC4EFF5FC35}.Release|Any CPU.ActiveCfg = Release|Any CPU
		{F0941319-883C-4B06-B85A-9AC4EFF5FC35}.Release|Any CPU.Build.0 = Release|Any CPU
		{A53D2982-2C46-4247-AC85-63B8A78B6AB6}.Debug|Any CPU.ActiveCfg = Debug|Any CPU
		{A53D2982-2C46-4247-AC85-63B8A78B6AB6}.Debug|Any CPU.Build.0 = Debug|Any CPU
		{A53D2982-2C46-4247-AC85-63B8A78B6AB6}.Release|Any CPU.ActiveCfg = Release|Any CPU
		{A53D2982-2C46-4247-AC85-63B8A78B6AB6}.Release|Any CPU.Build.0 = Release|Any CPU
		{CBF1BFF7-D7D0-4C33-95D8-FE26F7437306}.Debug|Any CPU.ActiveCfg = Debug|Any CPU
		{CBF1BFF7-D7D0-4C33-95D8-FE26F7437306}.Debug|Any CPU.Build.0 = Debug|Any CPU
		{CBF1BFF7-D7D0-4C33-95D8-FE26F7437306}.Release|Any CPU.ActiveCfg = Release|Any CPU
		{CBF1BFF7-D7D0-4C33-95D8-FE26F7437306}.Release|Any CPU.Build.0 = Release|Any CPU
		{3AC27840-3F10-4FBE-8D3B-3226FE9A2F28}.Debug|Any CPU.ActiveCfg = Debug|Any CPU
		{3AC27840-3F10-4FBE-8D3B-3226FE9A2F28}.Debug|Any CPU.Build.0 = Debug|Any CPU
		{3AC27840-3F10-4FBE-8D3B-3226FE9A2F28}.Release|Any CPU.ActiveCfg = Release|Any CPU
		{3AC27840-3F10-4FBE-8D3B-3226FE9A2F28}.Release|Any CPU.Build.0 = Release|Any CPU
		{C61E6BE2-27D9-480F-9EC8-1CE4F3566FC8}.Debug|Any CPU.ActiveCfg = Debug|Any CPU
		{C61E6BE2-27D9-480F-9EC8-1CE4F3566FC8}.Debug|Any CPU.Build.0 = Debug|Any CPU
		{C61E6BE2-27D9-480F-9EC8-1CE4F3566FC8}.Release|Any CPU.ActiveCfg = Release|Any CPU
		{C61E6BE2-27D9-480F-9EC8-1CE4F3566FC8}.Release|Any CPU.Build.0 = Release|Any CPU
	EndGlobalSection
	GlobalSection(SolutionProperties) = preSolution
		HideSolutionNode = FALSE
	EndGlobalSection
	GlobalSection(ExtensibilityGlobals) = postSolution
		SolutionGuid = {AC97EC4B-BDC6-4D0D-B6B4-4B5AA7278347}
	EndGlobalSection
EndGlobal
